
Microsoft Visual Studio Solution File, Format Version 12.00
# Visual Studio Version 16
VisualStudioVersion = 16.0.29613.14
MinimumVisualStudioVersion = 10.0.40219.1
Project("{FAE04EC0-301F-11D3-BF4B-00C04F79EFBC}") = "ScanResults", "ScanResults\ScanResults.csproj", "{D043E03F-7858-4D24-B113-3574FE5AB052}"
EndProject
Global
	GlobalSection(SolutionConfigurationPlatforms) = preSolution
		Debug|Any CPU = Debug|Any CPU
		Release|Any CPU = Release|Any CPU
	EndGlobalSection
	GlobalSection(ProjectConfigurationPlatforms) = postSolution
		{D043E03F-7858-4D24-B113-3574FE5AB052}.Debug|Any CPU.ActiveCfg = Debug|Any CPU
		{D043E03F-7858-4D24-B113-3574FE5AB052}.Debug|Any CPU.Build.0 = Debug|Any CPU
		{D043E03F-7858-4D24-B113-3574FE5AB052}.Release|Any CPU.ActiveCfg = Release|Any CPU
		{D043E03F-7858-4D24-B113-3574FE5AB052}.Release|Any CPU.Build.0 = Release|Any CPU
	EndGlobalSection
	GlobalSection(SolutionProperties) = preSolution
		HideSolutionNode = FALSE
	EndGlobalSection
	GlobalSection(ExtensibilityGlobals) = postSolution
		SolutionGuid = {C3D47224-2F9D-45D9-8979-42BD03DA27E9}
	EndGlobalSection
EndGlobal
